
Microsoft Visual Studio Solution File, Format Version 12.00
# Visual Studio 2013
VisualStudioVersion = 12.0.30501.0
MinimumVisualStudioVersion = 10.0.40219.1
Project("{FAE04EC0-301F-11D3-BF4B-00C04F79EFBC}") = "uVoice", "uVoice\uVoice.csproj", "{F13BCB6B-1D28-451F-9599-E97254460202}"
EndProject
Global
	GlobalSection(SolutionConfigurationPlatforms) = preSolution
		Debug|Any CPU = Debug|Any CPU
		Release|Any CPU = Release|Any CPU
	EndGlobalSection
	GlobalSection(ProjectConfigurationPlatforms) = postSolution
		{F13BCB6B-1D28-451F-9599-E97254460202}.Debug|Any CPU.ActiveCfg = Debug|Any CPU
		{F13BCB6B-1D28-451F-9599-E97254460202}.Debug|Any CPU.Build.0 = Debug|Any CPU
		{F13BCB6B-1D28-451F-9599-E97254460202}.Release|Any CPU.ActiveCfg = Release|Any CPU
		{F13BCB6B-1D28-451F-9599-E97254460202}.Release|Any CPU.Build.0 = Release|Any CPU
	EndGlobalSection
	GlobalSection(SolutionProperties) = preSolution
		HideSolutionNode = FALSE
	EndGlobalSection
EndGlobal
